{
  "requires": true,
  "lockfileVersion": 1,
  "dependencies": {
    "7-1": {
      "version": "0.1.2",
      "resolved": "https://registry.npmjs.org/7-1/-/7-1-0.1.2.tgz",
      "integrity": "sha512-WY6jMhedoZ2UO7HI5C5EFfURnVvhTS0BXT5ZhhzMFt3wNiA3irZVacwNcX9TCfsTHSdzTlCwyqc1PNq1E8Hojw=="
    }
  }
}
